
Microsoft Visual Studio Solution File, Format Version 12.00
# Visual Studio Version 17
VisualStudioVersion = 17.0.31912.275
MinimumVisualStudioVersion = 10.0.40219.1
Project("{2150E333-8FDC-42A3-9474-1A3956D46DE8}") = "Labs", "Labs", "{EE2C72B1-8091-4B07-917F-F1CE3B387DD3}"
EndProject
Project("{2150E333-8FDC-42A3-9474-1A3956D46DE8}") = "Assignments", "Assignments", "{656CE834-AD1A-4CE8-A478-692EC7AB45E0}"
EndProject
Project("{FAE04EC0-301F-11D3-BF4B-00C04F79EFBC}") = "Assignment1", "Assignments\Assignment1\Assignment1.csproj", "{43038264-7E6B-4DC1-8C72-240EE327873A}"
EndProject
Project("{FAE04EC0-301F-11D3-BF4B-00C04F79EFBC}") = "Lab1", "Labs\Lab1\Lab1.csproj", "{E1E0D007-E028-42A3-851A-A3D63E621928}"
EndProject
Project("{FAE04EC0-301F-11D3-BF4B-00C04F79EFBC}") = "Lab2", "Labs\Lab2\Lab2.csproj", "{88E0EFB8-EE4E-4302-85B7-1BA020DD1F67}"
EndProject
Project("{FAE04EC0-301F-11D3-BF4B-00C04F79EFBC}") = "Lab3", "Labs\Lab3\Lab3.csproj", "{B3C4A4E8-EA2C-4B21-86FD-C2754AF9A557}"
EndProject
Project("{FAE04EC0-301F-11D3-BF4B-00C04F79EFBC}") = "Lab4", "Labs\Lab4\Lab4.csproj", "{353F006B-26AE-4014-B44F-4A1FC836B055}"
EndProject
Project("{FAE04EC0-301F-11D3-BF4B-00C04F79EFBC}") = "Lab5", "Labs\Lab5\Lab5.csproj", "{0945B516-7EDD-4232-96DA-C93774F3AA48}"
EndProject
Project("{FAE04EC0-301F-11D3-BF4B-00C04F79EFBC}") = "Lab6", "Labs\Lab6\Lab6.csproj", "{647B8AA2-31F4-41FE-A665-B8365B88B906}"
EndProject
Project("{FAE04EC0-301F-11D3-BF4B-00C04F79EFBC}") = "Assignment2", "Assignments\Assignment2\Assignment2.csproj", "{1266E4EE-A100-42BB-A346-E18A9A1BBF35}"
EndProject
Project("{FAE04EC0-301F-11D3-BF4B-00C04F79EFBC}") = "Assignment3", "Assignments\Assignment3\Assignment3.csproj", "{0AA75696-9D93-42F5-8B29-05950CF9889D}"
EndProject
Project("{FAE04EC0-301F-11D3-BF4B-00C04F79EFBC}") = "Lab7", "Labs\Lab7\Lab7.csproj", "{D56DFF40-EF20-4EAB-8B62-0B1FB660E998}"
EndProject
Project("{FAE04EC0-301F-11D3-BF4B-00C04F79EFBC}") = "Lab8", "Labs\Lab8\Lab8.csproj", "{2A157813-8CDA-4A85-B6B2-BDC4C2563F29}"
EndProject
Project("{FAE04EC0-301F-11D3-BF4B-00C04F79EFBC}") = "Lab9", "Labs\Lab9\Lab9.csproj", "{D15940C5-794B-4098-A89A-0C651DD44DBA}"
EndProject
Project("{FAE04EC0-301F-11D3-BF4B-00C04F79EFBC}") = "Lab10", "Labs\Lab10\Lab10.csproj", "{3569DE81-AD06-45DD-A01D-B088D51D2A1D}"
EndProject
Project("{FAE04EC0-301F-11D3-BF4B-00C04F79EFBC}") = "Lab11", "Labs\Lab11\Lab11.csproj", "{49102C6C-6329-4573-A7AC-467738148756}"
EndProject
Project("{FAE04EC0-301F-11D3-BF4B-00C04F79EFBC}") = "Lab12", "Labs\Lab12\Lab12.csproj", "{69B17674-ED88-4C49-BC43-A1E4ED2C5571}"
EndProject
Project("{FAE04EC0-301F-11D3-BF4B-00C04F79EFBC}") = "Lab13", "Labs\Lab13\Lab13.csproj", "{A93FD1EC-B8D6-44C8-AD2D-E132DC817F00}"
EndProject
Project("{FAE04EC0-301F-11D3-BF4B-00C04F79EFBC}") = "Assignment4", "Assignments\Assignment4\Assignment4.csproj", "{21F27404-1271-461A-9D49-521D88AB619B}"
EndProject
Project("{FAE04EC0-301F-11D3-BF4B-00C04F79EFBC}") = "Assignment5", "Assignments\Assignment5\Assignment5.csproj", "{8C8B5F4F-9283-4639-93F0-D2945CEA9267}"
EndProject
Project("{FAE04EC0-301F-11D3-BF4B-00C04F79EFBC}") = "Assignment6", "Assignments\Assignment6\Assignment6.csproj", "{DF69F6DC-7F85-469D-8018-295270FA48F3}"
EndProject
Project("{FAE04EC0-301F-11D3-BF4B-00C04F79EFBC}") = "Assignment7", "Assignments\Assignment7\Assignment7.csproj", "{578DA1B6-0D7E-4588-8295-F1E697E85625}"
EndProject
Global
	GlobalSection(SolutionConfigurationPlatforms) = preSolution
		Debug|Any CPU = Debug|Any CPU
		Release|Any CPU = Release|Any CPU
	EndGlobalSection
	GlobalSection(ProjectConfigurationPlatforms) = postSolution
		{43038264-7E6B-4DC1-8C72-240EE327873A}.Debug|Any CPU.ActiveCfg = Debug|Any CPU
		{43038264-7E6B-4DC1-8C72-240EE327873A}.Debug|Any CPU.Build.0 = Debug|Any CPU
		{43038264-7E6B-4DC1-8C72-240EE327873A}.Release|Any CPU.ActiveCfg = Release|Any CPU
		{43038264-7E6B-4DC1-8C72-240EE327873A}.Release|Any CPU.Build.0 = Release|Any CPU
		{E1E0D007-E028-42A3-851A-A3D63E621928}.Debug|Any CPU.ActiveCfg = Debug|Any CPU
		{E1E0D007-E028-42A3-851A-A3D63E621928}.Debug|Any CPU.Build.0 = Debug|Any CPU
		{E1E0D007-E028-42A3-851A-A3D63E621928}.Release|Any CPU.ActiveCfg = Release|Any CPU
		{E1E0D007-E028-42A3-851A-A3D63E621928}.Release|Any CPU.Build.0 = Release|Any CPU
		{88E0EFB8-EE4E-4302-85B7-1BA020DD1F67}.Debug|Any CPU.ActiveCfg = Debug|Any CPU
		{88E0EFB8-EE4E-4302-85B7-1BA020DD1F67}.Debug|Any CPU.Build.0 = Debug|Any CPU
		{88E0EFB8-EE4E-4302-85B7-1BA020DD1F67}.Release|Any CPU.ActiveCfg = Release|Any CPU
		{88E0EFB8-EE4E-4302-85B7-1BA020DD1F67}.Release|Any CPU.Build.0 = Release|Any CPU
		{B3C4A4E8-EA2C-4B21-86FD-C2754AF9A557}.Debug|Any CPU.ActiveCfg = Debug|Any CPU
		{B3C4A4E8-EA2C-4B21-86FD-C2754AF9A557}.Debug|Any CPU.Build.0 = Debug|Any CPU
		{B3C4A4E8-EA2C-4B21-86FD-C2754AF9A557}.Release|Any CPU.ActiveCfg = Release|Any CPU
		{B3C4A4E8-EA2C-4B21-86FD-C2754AF9A557}.Release|Any CPU.Build.0 = Release|Any CPU
		{353F006B-26AE-4014-B44F-4A1FC836B055}.Debug|Any CPU.ActiveCfg = Debug|Any CPU
		{353F006B-26AE-4014-B44F-4A1FC836B055}.Debug|Any CPU.Build.0 = Debug|Any CPU
		{353F006B-26AE-4014-B44F-4A1FC836B055}.Release|Any CPU.ActiveCfg = Release|Any CPU
		{353F006B-26AE-4014-B44F-4A1FC836B055}.Release|Any CPU.Build.0 = Release|Any CPU
		{0945B516-7EDD-4232-96DA-C93774F3AA48}.Debug|Any CPU.ActiveCfg = Debug|Any CPU
		{0945B516-7EDD-4232-96DA-C93774F3AA48}.Debug|Any CPU.Build.0 = Debug|Any CPU
		{0945B516-7EDD-4232-96DA-C93774F3AA48}.Release|Any CPU.ActiveCfg = Release|Any CPU
		{0945B516-7EDD-4232-96DA-C93774F3AA48}.Release|Any CPU.Build.0 = Release|Any CPU
		{647B8AA2-31F4-41FE-A665-B8365B88B906}.Debug|Any CPU.ActiveCfg = Debug|Any CPU
		{647B8AA2-31F4-41FE-A665-B8365B88B906}.Debug|Any CPU.Build.0 = Debug|Any CPU
		{647B8AA2-31F4-41FE-A665-B8365B88B906}.Release|Any CPU.ActiveCfg = Release|Any CPU
		{647B8AA2-31F4-41FE-A665-B8365B88B906}.Release|Any CPU.Build.0 = Release|Any CPU
		{1266E4EE-A100-42BB-A346-E18A9A1BBF35}.Debug|Any CPU.ActiveCfg = Debug|Any CPU
		{1266E4EE-A100-42BB-A346-E18A9A1BBF35}.Debug|Any CPU.Build.0 = Debug|Any CPU
		{1266E4EE-A100-42BB-A346-E18A9A1BBF35}.Release|Any CPU.ActiveCfg = Release|Any CPU
		{1266E4EE-A100-42BB-A346-E18A9A1BBF35}.Release|Any CPU.Build.0 = Release|Any CPU
		{0AA75696-9D93-42F5-8B29-05950CF9889D}.Debug|Any CPU.ActiveCfg = Debug|Any CPU
		{0AA75696-9D93-42F5-8B29-05950CF9889D}.Debug|Any CPU.Build.0 = Debug|Any CPU
		{0AA75696-9D93-42F5-8B29-05950CF9889D}.Release|Any CPU.ActiveCfg = Release|Any CPU
		{0AA75696-9D93-42F5-8B29-05950CF9889D}.Release|Any CPU.Build.0 = Release|Any CPU
		{D56DFF40-EF20-4EAB-8B62-0B1FB660E998}.Debug|Any CPU.ActiveCfg = Debug|Any CPU
		{D56DFF40-EF20-4EAB-8B62-0B1FB660E998}.Debug|Any CPU.Build.0 = Debug|Any CPU
		{D56DFF40-EF20-4EAB-8B62-0B1FB660E998}.Release|Any CPU.ActiveCfg = Release|Any CPU
		{D56DFF40-EF20-4EAB-8B62-0B1FB660E998}.Release|Any CPU.Build.0 = Release|Any CPU
		{2A157813-8CDA-4A85-B6B2-BDC4C2563F29}.Debug|Any CPU.ActiveCfg = Debug|Any CPU
		{2A157813-8CDA-4A85-B6B2-BDC4C2563F29}.Debug|Any CPU.Build.0 = Debug|Any CPU
		{2A157813-8CDA-4A85-B6B2-BDC4C2563F29}.Release|Any CPU.ActiveCfg = Release|Any CPU
		{2A157813-8CDA-4A85-B6B2-BDC4C2563F29}.Release|Any CPU.Build.0 = Release|Any CPU
		{D15940C5-794B-4098-A89A-0C651DD44DBA}.Debug|Any CPU.ActiveCfg = Debug|Any CPU
		{D15940C5-794B-4098-A89A-0C651DD44DBA}.Debug|Any CPU.Build.0 = Debug|Any CPU
		{D15940C5-794B-4098-A89A-0C651DD44DBA}.Release|Any CPU.ActiveCfg = Release|Any CPU
		{D15940C5-794B-4098-A89A-0C651DD44DBA}.Release|Any CPU.Build.0 = Release|Any CPU
		{3569DE81-AD06-45DD-A01D-B088D51D2A1D}.Debug|Any CPU.ActiveCfg = Debug|Any CPU
		{3569DE81-AD06-45DD-A01D-B088D51D2A1D}.Debug|Any CPU.Build.0 = Debug|Any CPU
		{3569DE81-AD06-45DD-A01D-B088D51D2A1D}.Release|Any CPU.ActiveCfg = Release|Any CPU
		{3569DE81-AD06-45DD-A01D-B088D51D2A1D}.Release|Any CPU.Build.0 = Release|Any CPU
		{49102C6C-6329-4573-A7AC-467738148756}.Debug|Any CPU.ActiveCfg = Debug|Any CPU
		{49102C6C-6329-4573-A7AC-467738148756}.Debug|Any CPU.Build.0 = Debug|Any CPU
		{49102C6C-6329-4573-A7AC-467738148756}.Release|Any CPU.ActiveCfg = Release|Any CPU
		{49102C6C-6329-4573-A7AC-467738148756}.Release|Any CPU.Build.0 = Release|Any CPU
		{69B17674-ED88-4C49-BC43-A1E4ED2C5571}.Debug|Any CPU.ActiveCfg = Debug|Any CPU
		{69B17674-ED88-4C49-BC43-A1E4ED2C5571}.Debug|Any CPU.Build.0 = Debug|Any CPU
		{69B17674-ED88-4C49-BC43-A1E4ED2C5571}.Release|Any CPU.ActiveCfg = Release|Any CPU
		{69B17674-ED88-4C49-BC43-A1E4ED2C5571}.Release|Any CPU.Build.0 = Release|Any CPU
		{A93FD1EC-B8D6-44C8-AD2D-E132DC817F00}.Debug|Any CPU.ActiveCfg = Debug|Any CPU
		{A93FD1EC-B8D6-44C8-AD2D-E132DC817F00}.Debug|Any CPU.Build.0 = Debug|Any CPU
		{A93FD1EC-B8D6-44C8-AD2D-E132DC817F00}.Release|Any CPU.ActiveCfg = Release|Any CPU
		{A93FD1EC-B8D6-44C8-AD2D-E132DC817F00}.Release|Any CPU.Build.0 = Release|Any CPU
		{21F27404-1271-461A-9D49-521D88AB619B}.Debug|Any CPU.ActiveCfg = Debug|Any CPU
		{21F27404-1271-461A-9D49-521D88AB619B}.Debug|Any CPU.Build.0 = Debug|Any CPU
		{21F27404-1271-461A-9D49-521D88AB619B}.Release|Any CPU.ActiveCfg = Release|Any CPU
		{21F27404-1271-461A-9D49-521D88AB619B}.Release|Any CPU.Build.0 = Release|Any CPU
		{8C8B5F4F-9283-4639-93F0-D2945CEA9267}.Debug|Any CPU.ActiveCfg = Debug|Any CPU
		{8C8B5F4F-9283-4639-93F0-D2945CEA9267}.Debug|Any CPU.Build.0 = Debug|Any CPU
		{8C8B5F4F-9283-4639-93F0-D2945CEA9267}.Release|Any CPU.ActiveCfg = Release|Any CPU
		{8C8B5F4F-9283-4639-93F0-D2945CEA9267}.Release|Any CPU.Build.0 = Release|Any CPU
		{DF69F6DC-7F85-469D-8018-295270FA48F3}.Debug|Any CPU.ActiveCfg = Debug|Any CPU
		{DF69F6DC-7F85-469D-8018-295270FA48F3}.Debug|Any CPU.Build.0 = Debug|Any CPU
		{DF69F6DC-7F85-469D-8018-295270FA48F3}.Release|Any CPU.ActiveCfg = Release|Any CPU
		{DF69F6DC-7F85-469D-8018-295270FA48F3}.Release|Any CPU.Build.0 = Release|Any CPU
		{578DA1B6-0D7E-4588-8295-F1E697E85625}.Debug|Any CPU.ActiveCfg = Debug|Any CPU
		{578DA1B6-0D7E-4588-8295-F1E697E85625}.Debug|Any CPU.Build.0 = Debug|Any CPU
		{578DA1B6-0D7E-4588-8295-F1E697E85625}.Release|Any CPU.ActiveCfg = Release|Any CPU
		{578DA1B6-0D7E-4588-8295-F1E697E85625}.Release|Any CPU.Build.0 = Release|Any CPU
	EndGlobalSection
	GlobalSection(SolutionProperties) = preSolution
		HideSolutionNode = FALSE
	EndGlobalSection
	GlobalSection(NestedProjects) = preSolution
		{43038264-7E6B-4DC1-8C72-240EE327873A} = {656CE834-AD1A-4CE8-A478-692EC7AB45E0}
		{E1E0D007-E028-42A3-851A-A3D63E621928} = {EE2C72B1-8091-4B07-917F-F1CE3B387DD3}
		{88E0EFB8-EE4E-4302-85B7-1BA020DD1F67} = {EE2C72B1-8091-4B07-917F-F1CE3B387DD3}
		{B3C4A4E8-EA2C-4B21-86FD-C2754AF9A557} = {EE2C72B1-8091-4B07-917F-F1CE3B387DD3}
		{353F006B-26AE-4014-B44F-4A1FC836B055} = {EE2C72B1-8091-4B07-917F-F1CE3B387DD3}
		{0945B516-7EDD-4232-96DA-C93774F3AA48} = {EE2C72B1-8091-4B07-917F-F1CE3B387DD3}
		{647B8AA2-31F4-41FE-A665-B8365B88B906} = {EE2C72B1-8091-4B07-917F-F1CE3B387DD3}
		{1266E4EE-A100-42BB-A346-E18A9A1BBF35} = {656CE834-AD1A-4CE8-A478-692EC7AB45E0}
		{0AA75696-9D93-42F5-8B29-05950CF9889D} = {656CE834-AD1A-4CE8-A478-692EC7AB45E0}
		{D56DFF40-EF20-4EAB-8B62-0B1FB660E998} = {EE2C72B1-8091-4B07-917F-F1CE3B387DD3}
		{2A157813-8CDA-4A85-B6B2-BDC4C2563F29} = {EE2C72B1-8091-4B07-917F-F1CE3B387DD3}
		{D15940C5-794B-4098-A89A-0C651DD44DBA} = {EE2C72B1-8091-4B07-917F-F1CE3B387DD3}
		{3569DE81-AD06-45DD-A01D-B088D51D2A1D} = {EE2C72B1-8091-4B07-917F-F1CE3B387DD3}
		{49102C6C-6329-4573-A7AC-467738148756} = {EE2C72B1-8091-4B07-917F-F1CE3B387DD3}
		{69B17674-ED88-4C49-BC43-A1E4ED2C5571} = {EE2C72B1-8091-4B07-917F-F1CE3B387DD3}
		{A93FD1EC-B8D6-44C8-AD2D-E132DC817F00} = {EE2C72B1-8091-4B07-917F-F1CE3B387DD3}
		{21F27404-1271-461A-9D49-521D88AB619B} = {656CE834-AD1A-4CE8-A478-692EC7AB45E0}
		{8C8B5F4F-9283-4639-93F0-D2945CEA9267} = {656CE834-AD1A-4CE8-A478-692EC7AB45E0}
		{DF69F6DC-7F85-469D-8018-295270FA48F3} = {656CE834-AD1A-4CE8-A478-692EC7AB45E0}
		{578DA1B6-0D7E-4588-8295-F1E697E85625} = {656CE834-AD1A-4CE8-A478-692EC7AB45E0}
	EndGlobalSection
	GlobalSection(ExtensibilityGlobals) = postSolution
		SolutionGuid = {03C46EE7-6AA7-4ADB-A42E-B9FB43913F45}
	EndGlobalSection
EndGlobal
